{
  "requires": true,
  "lockfileVersion": 1,
  "dependencies": {
    "@lwc/synthetic-shadow": {
      "version": "2.7.3",
      "resolved": "https://registry.npmjs.org/@lwc/synthetic-shadow/-/synthetic-shadow-2.7.3.tgz",
      "integrity": "sha512-kzb8/cpOUIcnRrZQvgBCcdw5Hj5Hf9wqGkka9gmVTLqzhrtIFmjex5Y1+Zb8oUtKJQDdnM602LHvKO7EgpoEvw=="
    },
    "@salesforce-ux/design-system": {
      "version": "2.17.1",
      "resolved": "https://registry.npmjs.org/@salesforce-ux/design-system/-/design-system-2.17.1.tgz",
      "integrity": "sha512-1mBwWJnQIwTr+9cxoM3Jq89nW3zoRNj2nSHLgKhQciHln3IBfWk7N3odUxW7jrpqDE/bNzR+FJrNgjzQsKM3Ng=="
    }
  }
}
